{
  "requires": true,
  "lockfileVersion": 1,
  "dependencies": {
    "lottie-web": {
      "version": "5.7.11",
      "resolved": "https://registry.npmjs.org/lottie-web/-/lottie-web-5.7.11.tgz",
      "integrity": "sha512-Jvz3PQqwrDj1rXGqfeQtipH/WNtM/Y4l8t8NIQXe1xUI0nVooH2bTYJGef0UkdBcWUx1s3miKsRhyP196g9tvQ=="
    },
    "ngx-lottie": {
      "version": "7.0.1",
      "resolved": "https://registry.npmjs.org/ngx-lottie/-/ngx-lottie-7.0.1.tgz",
      "integrity": "sha512-zvRYZJ6RVpGOZK8Msg9DnXxmMwl7Bu8/Xvy03R5pyP8nfOv8a8vhjofM5xt/EFh3Fcecnt9uXA9byR41nMcQOQ==",
      "requires": {
        "tslib": "^2.1.0"
      }
    },
    "tslib": {
      "version": "2.3.0",
      "resolved": "https://registry.npmjs.org/tslib/-/tslib-2.3.0.tgz",
      "integrity": "sha512-N82ooyxVNm6h1riLCoyS9e3fuJ3AMG2zIZs2Gd1ATcSFjSA23Q0fzjjZeh0jbJvWVDZ0cJT8yaNNaaXHzueNjg=="
    }
  }
}
